
Microsoft Visual Studio Solution File, Format Version 12.00
# Visual Studio Version 17
VisualStudioVersion = 17.8.34330.188
MinimumVisualStudioVersion = 10.0.40219.1
Project("{FAE04EC0-301F-11D3-BF4B-00C04F79EFBC}") = "SignalR_MyChat", "SignalR_MyChat\SignalR_MyChat.csproj", "{A55E6083-E210-48DF-AD7C-E0C7A33F938C}"
EndProject
Global
	GlobalSection(SolutionConfigurationPlatforms) = preSolution
		Debug|Any CPU = Debug|Any CPU
		Release|Any CPU = Release|Any CPU
	EndGlobalSection
	GlobalSection(ProjectConfigurationPlatforms) = postSolution
		{A55E6083-E210-48DF-AD7C-E0C7A33F938C}.Debug|Any CPU.ActiveCfg = Debug|Any CPU
		{A55E6083-E210-48DF-AD7C-E0C7A33F938C}.Debug|Any CPU.Build.0 = Debug|Any CPU
		{A55E6083-E210-48DF-AD7C-E0C7A33F938C}.Release|Any CPU.ActiveCfg = Release|Any CPU
		{A55E6083-E210-48DF-AD7C-E0C7A33F938C}.Release|Any CPU.Build.0 = Release|Any CPU
	EndGlobalSection
	GlobalSection(SolutionProperties) = preSolution
		HideSolutionNode = FALSE
	EndGlobalSection
	GlobalSection(ExtensibilityGlobals) = postSolution
		SolutionGuid = {7554F0E2-0E5D-4073-932D-4CD5E5195FF7}
	EndGlobalSection
EndGlobal
